
Microsoft Visual Studio Solution File, Format Version 10.00
# Visual Studio 2008
Project("{FAE04EC0-301F-11D3-BF4B-00C04F79EFBC}") = "kevinhomework_03", "kevinhomework_03\kevinhomework_03.csproj", "{20731FB4-2570-4E4F-BEC2-0A0346323D0F}"
EndProject
Global
	GlobalSection(SolutionConfigurationPlatforms) = preSolution
		Debug|x86 = Debug|x86
		Release|x86 = Release|x86
	EndGlobalSection
	GlobalSection(ProjectConfigurationPlatforms) = postSolution
		{20731FB4-2570-4E4F-BEC2-0A0346323D0F}.Debug|x86.ActiveCfg = Debug|x86
		{20731FB4-2570-4E4F-BEC2-0A0346323D0F}.Debug|x86.Build.0 = Debug|x86
		{20731FB4-2570-4E4F-BEC2-0A0346323D0F}.Release|x86.ActiveCfg = Release|x86
		{20731FB4-2570-4E4F-BEC2-0A0346323D0F}.Release|x86.Build.0 = Release|x86
	EndGlobalSection
	GlobalSection(MonoDevelopProperties) = preSolution
		StartupItem = kevinhomework_03\kevinhomework_03.csproj
	EndGlobalSection
EndGlobal
